Microsoft Visual Studio Solution File, Format Version 12.00
# Visual Studio Version 17
VisualStudioVersion = 17.5.2.0
MinimumVisualStudioVersion = 10.0.40219.1
Project("{FAE04EC0-301F-11D3-BF4B-00C04F79EFBC}") = "TouchpadToMiddleClick", "TouchpadToMiddleClick.csproj", "{051F58C9-9063-8578-49B1-D74B3EEB53C1}"
EndProject
Global
	GlobalSection(SolutionConfigurationPlatforms) = preSolution
		Debug|Any CPU = Debug|Any CPU
		Release|Any CPU = Release|Any CPU
	EndGlobalSection
	GlobalSection(ProjectConfigurationPlatforms) = postSolution
		{051F58C9-9063-8578-49B1-D74B3EEB53C1}.Debug|Any CPU.ActiveCfg = Debug|Any CPU
		{051F58C9-9063-8578-49B1-D74B3EEB53C1}.Debug|Any CPU.Build.0 = Debug|Any CPU
		{051F58C9-9063-8578-49B1-D74B3EEB53C1}.Release|Any CPU.ActiveCfg = Release|Any CPU
		{051F58C9-9063-8578-49B1-D74B3EEB53C1}.Release|Any CPU.Build.0 = Release|Any CPU
	EndGlobalSection
	GlobalSection(SolutionProperties) = preSolution
		HideSolutionNode = FALSE
	EndGlobalSection
	GlobalSection(ExtensibilityGlobals) = postSolution
		SolutionGuid = {C022AC93-EBD7-457F-8A10-0431BB27505F}
	EndGlobalSection
EndGlobal
